// !$*UTF8*$!
{
	archiveVersion = 1;
	classes = {
	};
	objectVersion = 77;
	objects = {

/* Begin PBXBuildFile section */
		1AA9EB632F80518000C03565 /* JeffJS in Frameworks */ = {isa = PBXBuildFile; productRef = 1AA9EB622F80518000C03565 /* JeffJS */; };
		1AA9EB6C2F8056EB00C03565 /* JeffJS Watch App.app in Embed Watch Content */ = {isa = PBXBuildFile; fileRef = 1AA9EB6B2F8056EB00C03565 /* JeffJS Watch App.app */; settings = {ATTRIBUTES = (RemoveHeadersOnCopy, ); }; };
		1AA9EB7F2F80579500C03565 /* JeffJS in Frameworks */ = {isa = PBXBuildFile; productRef = 1AA9EB7E2F80579500C03565 /* JeffJS */; };
		1AB764E82F832A0C0037D8E2 /* WidgetKit.framework in Frameworks */ = {isa = PBXBuildFile; fileRef = 1AB764E72F832A0C0037D8E2 /* WidgetKit.framework */; };
		1AB764EA2F832A0C0037D8E2 /* SwiftUI.framework in Frameworks */ = {isa = PBXBuildFile; fileRef = 1AB764E92F832A0C0037D8E2 /* SwiftUI.framework */; };
		1AB764F72F832A0D0037D8E2 /* JeffJS Watch WidgetExtension.appex in Embed Foundation Extensions */ = {isa = PBXBuildFile; fileRef = 1AB764E62F832A0C0037D8E2 /* JeffJS Watch WidgetExtension.appex */; settings = {ATTRIBUTES = (RemoveHeadersOnCopy, ); }; };
		1AB7650E2F832C2E0037D8E2 /* JeffJS in Frameworks */ = {isa = PBXBuildFile; productRef = 1AB7650D2F832C2E0037D8E2 /* JeffJS */; };
/* End PBXBuildFile section */

/* Begin PBXContainerItemProxy section */
		1AA9EB6D2F8056EB00C03565 /* PBXContainerItemProxy */ = {
			isa = PBXContainerItemProxy;
			containerPortal = 1AA9EB412F8050EE00C03565 /* Project object */;
			proxyType = 1;
			remoteGlobalIDString = 1AA9EB6A2F8056EB00C03565;
			remoteInfo = "JeffJS Watch App";
		};
		1AB764F52F832A0D0037D8E2 /* PBXContainerItemProxy */ = {
			isa = PBXContainerItemProxy;
			containerPortal = 1AA9EB412F8050EE00C03565 /* Project object */;
			proxyType = 1;
			remoteGlobalIDString = 1AB764E52F832A0C0037D8E2;
			remoteInfo = "JeffJS Watch WidgetExtension";
		};
/* End PBXContainerItemProxy section */

/* Begin PBXCopyFilesBuildPhase section */
		1AA9EB792F8056EC00C03565 /* Embed Watch Content */ = {
			isa = PBXCopyFilesBuildPhase;
			buildActionMask = 2147483647;
			dstPath = "$(CONTENTS_FOLDER_PATH)/Watch";
			dstSubfolderSpec = 16;
			files = (
				1AA9EB6C2F8056EB00C03565 /* JeffJS Watch App.app in Embed Watch Content */,
			);
			name = "Embed Watch Content";
			runOnlyForDeploymentPostprocessing = 0;
		};
		1AB764FC2F832A0D0037D8E2 /* Embed Foundation Extensions */ = {
			isa = PBXCopyFilesBuildPhase;
			buildActionMask = 2147483647;
			dstPath = "";
			dstSubfolderSpec = 13;
			files = (
				1AB764F72F832A0D0037D8E2 /* JeffJS Watch WidgetExtension.appex in Embed Foundation Extensions */,
			);
			name = "Embed Foundation Extensions";
			runOnlyForDeploymentPostprocessing = 0;
		};
/* End PBXCopyFilesBuildPhase section */

/* Begin PBXFileReference section */
		1AA9EB492F8050EE00C03565 /* JeffJSConsole.app */ = {isa = PBXFileReference; explicitFileType = wrapper.application; includeInIndex = 0; path = JeffJSConsole.app; sourceTree = BUILT_PRODUCTS_DIR; };
		1AA9EB662F8056EB00C03565 /* JeffJS.app */ = {isa = PBXFileReference; explicitFileType = wrapper.application; includeInIndex = 0; path = JeffJS.app; sourceTree = BUILT_PRODUCTS_DIR; };
		1AA9EB6B2F8056EB00C03565 /* JeffJS Watch App.app */ = {isa = PBXFileReference; explicitFileType = wrapper.application; includeInIndex = 0; path = "JeffJS Watch App.app"; sourceTree = BUILT_PRODUCTS_DIR; };
		1AB764E62F832A0C0037D8E2 /* JeffJS Watch WidgetExtension.appex */ = {isa = PBXFileReference; explicitFileType = "wrapper.app-extension"; includeInIndex = 0; path = "JeffJS Watch WidgetExtension.appex"; sourceTree = BUILT_PRODUCTS_DIR; };
		1AB764E72F832A0C0037D8E2 /* WidgetKit.framework */ = {isa = PBXFileReference; lastKnownFileType = wrapper.framework; name = WidgetKit.framework; path = System/Library/Frameworks/WidgetKit.framework; sourceTree = SDKROOT; };
		1AB764E92F832A0C0037D8E2 /* SwiftUI.framework */ = {isa = PBXFileReference; lastKnownFileType = wrapper.framework; name = SwiftUI.framework; path = System/Library/Frameworks/SwiftUI.framework; sourceTree = SDKROOT; };
		1AB7650C2F832B7F0037D8E2 /* JeffJS Watch WidgetExtension.entitlements */ = {isa = PBXFileReference; lastKnownFileType = text.plist.entitlements; path = "JeffJS Watch WidgetExtension.entitlements"; sourceTree = "<group>"; };
/* End PBXFileReference section */

/* Begin PBXFileSystemSynchronizedBuildFileExceptionSet section */
		1AB764F82F832A0D0037D8E2 /* Exceptions for "JeffJS Watch Widget" folder in "JeffJS Watch WidgetExtension" target */ = {
			isa = PBXFileSystemSynchronizedBuildFileExceptionSet;
			membershipExceptions = (
				Info.plist,
			);
			target = 1AB764E52F832A0C0037D8E2 /* JeffJS Watch WidgetExtension */;
		};
/* End PBXFileSystemSynchronizedBuildFileExceptionSet section */

/* Begin PBXFileSystemSynchronizedRootGroup section */
		1AA9EB4B2F8050EE00C03565 /* JeffJSConsole */ = {
			isa = PBXFileSystemSynchronizedRootGroup;
			path = JeffJSConsole;
			sourceTree = "<group>";
		};
		1AA9EB6F2F8056EB00C03565 /* JeffJS Watch App */ = {
			isa = PBXFileSystemSynchronizedRootGroup;
			path = "JeffJS Watch App";
			sourceTree = "<group>";
		};
		1AB764EB2F832A0C0037D8E2 /* JeffJS Watch Widget */ = {
			isa = PBXFileSystemSynchronizedRootGroup;
			exceptions = (
				1AB764F82F832A0D0037D8E2 /* Exceptions for "JeffJS Watch Widget" folder in "JeffJS Watch WidgetExtension" target */,
			);
			path = "JeffJS Watch Widget";
			sourceTree = "<group>";
		};
/* End PBXFileSystemSynchronizedRootGroup section */

/* Begin PBXFrameworksBuildPhase section */
		1AA9EB462F8050EE00C03565 /* Frameworks */ = {
			isa = PBXFrameworksBuildPhase;
			buildActionMask = 2147483647;
			files = (
				1AA9EB632F80518000C03565 /* JeffJS in Frameworks */,
			);
			runOnlyForDeploymentPostprocessing = 0;
		};
		1AA9EB682F8056EB00C03565 /* Frameworks */ = {
			isa = PBXFrameworksBuildPhase;
			buildActionMask = 2147483647;
			files = (
				1AA9EB7F2F80579500C03565 /* JeffJS in Frameworks */,
			);
			runOnlyForDeploymentPostprocessing = 0;
		};
		1AB764E32F832A0C0037D8E2 /* Frameworks */ = {
			isa = PBXFrameworksBuildPhase;
			buildActionMask = 2147483647;
			files = (
				1AB7650E2F832C2E0037D8E2 /* JeffJS in Frameworks */,
				1AB764EA2F832A0C0037D8E2 /* SwiftUI.framework in Frameworks */,
				1AB764E82F832A0C0037D8E2 /* WidgetKit.framework in Frameworks */,
			);
			runOnlyForDeploymentPostprocessing = 0;
		};
/* End PBXFrameworksBuildPhase section */

/* Begin PBXGroup section */
		1AA9EB402F8050EE00C03565 = {
			isa = PBXGroup;
			children = (
				1AB7650C2F832B7F0037D8E2 /* JeffJS Watch WidgetExtension.entitlements */,
				1AA9EB4B2F8050EE00C03565 /* JeffJSConsole */,
				1AA9EB6F2F8056EB00C03565 /* JeffJS Watch App */,
				1AB764EB2F832A0C0037D8E2 /* JeffJS Watch Widget */,
				1AA9EB7D2F80579500C03565 /* Frameworks */,
				1AA9EB4A2F8050EE00C03565 /* Products */,
			);
			sourceTree = "<group>";
		};
		1AA9EB4A2F8050EE00C03565 /* Products */ = {
			isa = PBXGroup;
			children = (
				1AA9EB492F8050EE00C03565 /* JeffJSConsole.app */,
				1AA9EB662F8056EB00C03565 /* JeffJS.app */,
				1AA9EB6B2F8056EB00C03565 /* JeffJS Watch App.app */,
				1AB764E62F832A0C0037D8E2 /* JeffJS Watch WidgetExtension.appex */,
			);
			name = Products;
			sourceTree = "<group>";
		};
		1AA9EB7D2F80579500C03565 /* Frameworks */ = {
			isa = PBXGroup;
			children = (
				1AB764E72F832A0C0037D8E2 /* WidgetKit.framework */,
				1AB764E92F832A0C0037D8E2 /* SwiftUI.framework */,
			);
			name = Frameworks;
			sourceTree = "<group>";
		};
/* End PBXGroup section */

/* Begin PBXNativeTarget section */
		1AA9EB482F8050EE00C03565 /* JeffJSConsole */ = {
			isa = PBXNativeTarget;
			buildConfigurationList = 1AA9EB542F8050F000C03565 /* Build configuration list for PBXNativeTarget "JeffJSConsole" */;
			buildPhases = (
				1AA9EB452F8050EE00C03565 /* Sources */,
				1AA9EB462F8050EE00C03565 /* Frameworks */,
				1AA9EB472F8050EE00C03565 /* Resources */,
			);
			buildRules = (
			);
			dependencies = (
			);
			fileSystemSynchronizedGroups = (
				1AA9EB4B2F8050EE00C03565 /* JeffJSConsole */,
			);
			name = JeffJSConsole;
			packageProductDependencies = (
				1AA9EB622F80518000C03565 /* JeffJS */,
			);
			productName = JeffJSConsole;
			productReference = 1AA9EB492F8050EE00C03565 /* JeffJSConsole.app */;
			productType = "com.apple.product-type.application";
		};
		1AA9EB652F8056EA00C03565 /* JeffJS */ = {
			isa = PBXNativeTarget;
			buildConfigurationList = 1AA9EB7A2F8056EC00C03565 /* Build configuration list for PBXNativeTarget "JeffJS" */;
			buildPhases = (
				1AA9EB642F8056EA00C03565 /* Resources */,
				1AA9EB792F8056EC00C03565 /* Embed Watch Content */,
			);
			buildRules = (
			);
			dependencies = (
				1AA9EB6E2F8056EB00C03565 /* PBXTargetDependency */,
			);
			name = JeffJS;
			packageProductDependencies = (
			);
			productName = JeffJS;
			productReference = 1AA9EB662F8056EB00C03565 /* JeffJS.app */;
			productType = "com.apple.product-type.application.watchapp2-container";
		};
		1AA9EB6A2F8056EB00C03565 /* JeffJS Watch App */ = {
			isa = PBXNativeTarget;
			buildConfigurationList = 1AA9EB762F8056EC00C03565 /* Build configuration list for PBXNativeTarget "JeffJS Watch App" */;
			buildPhases = (
				1AA9EB672F8056EB00C03565 /* Sources */,
				1AA9EB682F8056EB00C03565 /* Frameworks */,
				1AA9EB692F8056EB00C03565 /* Resources */,
				1AB764FC2F832A0D0037D8E2 /* Embed Foundation Extensions */,
			);
			buildRules = (
			);
			dependencies = (
				1AB764F62F832A0D0037D8E2 /* PBXTargetDependency */,
			);
			fileSystemSynchronizedGroups = (
				1AA9EB6F2F8056EB00C03565 /* JeffJS Watch App */,
			);
			name = "JeffJS Watch App";
			packageProductDependencies = (
				1AA9EB7E2F80579500C03565 /* JeffJS */,
			);
			productName = "JeffJS Watch App";
			productReference = 1AA9EB6B2F8056EB00C03565 /* JeffJS Watch App.app */;
			productType = "com.apple.product-type.application";
		};
		1AB764E52F832A0C0037D8E2 /* JeffJS Watch WidgetExtension */ = {
			isa = PBXNativeTarget;
			buildConfigurationList = 1AB764F92F832A0D0037D8E2 /* Build configuration list for PBXNativeTarget "JeffJS Watch WidgetExtension" */;
			buildPhases = (
				1AB764E22F832A0C0037D8E2 /* Sources */,
				1AB764E32F832A0C0037D8E2 /* Frameworks */,
				1AB764E42F832A0C0037D8E2 /* Resources */,
			);
			buildRules = (
			);
			dependencies = (
			);
			fileSystemSynchronizedGroups = (
				1AB764EB2F832A0C0037D8E2 /* JeffJS Watch Widget */,
			);
			name = "JeffJS Watch WidgetExtension";
			packageProductDependencies = (
				1AB7650D2F832C2E0037D8E2 /* JeffJS */,
			);
			productName = "JeffJS Watch WidgetExtension";
			productReference = 1AB764E62F832A0C0037D8E2 /* JeffJS Watch WidgetExtension.appex */;
			productType = "com.apple.product-type.app-extension";
		};
/* End PBXNativeTarget section */

/* Begin PBXProject section */
		1AA9EB412F8050EE00C03565 /* Project object */ = {
			isa = PBXProject;
			attributes = {
				BuildIndependentTargetsInParallel = 1;
				LastSwiftUpdateCheck = 2630;
				LastUpgradeCheck = 2630;
				TargetAttributes = {
					1AA9EB482F8050EE00C03565 = {
						CreatedOnToolsVersion = 26.3;
					};
					1AA9EB652F8056EA00C03565 = {
						CreatedOnToolsVersion = 26.3;
					};
					1AA9EB6A2F8056EB00C03565 = {
						CreatedOnToolsVersion = 26.3;
					};
					1AB764E52F832A0C0037D8E2 = {
						CreatedOnToolsVersion = 26.3;
					};
				};
			};
			buildConfigurationList = 1AA9EB442F8050EE00C03565 /* Build configuration list for PBXProject "JeffJSConsole" */;
			developmentRegion = en;
			hasScannedForEncodings = 0;
			knownRegions = (
				en,
				Base,
			);
			mainGroup = 1AA9EB402F8050EE00C03565;
			minimizedProjectReferenceProxies = 1;
			packageReferences = (
				1AA9EB612F80518000C03565 /* XCLocalSwiftPackageReference "../../JeffJS" */,
			);
			preferredProjectObjectVersion = 77;
			productRefGroup = 1AA9EB4A2F8050EE00C03565 /* Products */;
			projectDirPath = "";
			projectRoot = "";
			targets = (
				1AA9EB482F8050EE00C03565 /* JeffJSConsole */,
				1AA9EB652F8056EA00C03565 /* JeffJS */,
				1AA9EB6A2F8056EB00C03565 /* JeffJS Watch App */,
				1AB764E52F832A0C0037D8E2 /* JeffJS Watch WidgetExtension */,
			);
		};
/* End PBXProject section */

/* Begin PBXResourcesBuildPhase section */
		1AA9EB472F8050EE00C03565 /* Resources */ = {
			isa = PBXResourcesBuildPhase;
			buildActionMask = 2147483647;
			files = (
			);
			runOnlyForDeploymentPostprocessing = 0;
		};
		1AA9EB642F8056EA00C03565 /* Resources */ = {
			isa = PBXResourcesBuildPhase;
			buildActionMask = 2147483647;
			files = (
			);
			runOnlyForDeploymentPostprocessing = 0;
		};
		1AA9EB692F8056EB00C03565 /* Resources */ = {
			isa = PBXResourcesBuildPhase;
			buildActionMask = 2147483647;
			files = (
			);
			runOnlyForDeploymentPostprocessing = 0;
		};
		1AB764E42F832A0C0037D8E2 /* Resources */ = {
			isa = PBXResourcesBuildPhase;
			buildActionMask = 2147483647;
			files = (
			);
			runOnlyForDeploymentPostprocessing = 0;
		};
/* End PBXResourcesBuildPhase section */

/* Begin PBXSourcesBuildPhase section */
		1AA9EB452F8050EE00C03565 /* Sources */ = {
			isa = PBXSourcesBuildPhase;
			buildActionMask = 2147483647;
			files = (
			);
			runOnlyForDeploymentPostprocessing = 0;
		};
		1AA9EB672F8056EB00C03565 /* Sources */ = {
			isa = PBXSourcesBuildPhase;
			buildActionMask = 2147483647;
			files = (
			);
			runOnlyForDeploymentPostprocessing = 0;
		};
		1AB764E22F832A0C0037D8E2 /* Sources */ = {
			isa = PBXSourcesBuildPhase;
			buildActionMask = 2147483647;
			files = (
			);
			runOnlyForDeploymentPostprocessing = 0;
		};
/* End PBXSourcesBuildPhase section */

/* Begin PBXTargetDependency section */
		1AA9EB6E2F8056EB00C03565 /* PBXTargetDependency */ = {
			isa = PBXTargetDependency;
			target = 1AA9EB6A2F8056EB00C03565 /* JeffJS Watch App */;
			targetProxy = 1AA9EB6D2F8056EB00C03565 /* PBXContainerItemProxy */;
		};
		1AB764F62F832A0D0037D8E2 /* PBXTargetDependency */ = {
			isa = PBXTargetDependency;
			target = 1AB764E52F832A0C0037D8E2 /* JeffJS Watch WidgetExtension */;
			targetProxy = 1AB764F52F832A0D0037D8E2 /* PBXContainerItemProxy */;
		};
/* End PBXTargetDependency section */

/* Begin XCBuildConfiguration section */
		1AA9EB522F8050F000C03565 /* Debug */ = {
			isa = XCBuildConfiguration;
			buildSettings = {
				ALWAYS_SEARCH_USER_PATHS = NO;
				ASSETCATALOG_COMPILER_GENERATE_SWIFT_ASSET_SYMBOL_EXTENSIONS = YES;
				CLANG_ANALYZER_NONNULL = YES;
				CLANG_ANALYZER_NUMBER_OBJECT_CONVERSION = YES_AGGRESSIVE;
				CLANG_CXX_LANGUAGE_STANDARD = "gnu++20";
				CLANG_ENABLE_MODULES = YES;
				CLANG_ENABLE_OBJC_ARC = YES;
				CLANG_ENABLE_OBJC_WEAK = YES;
				CLANG_WARN_BLOCK_CAPTURE_AUTORELEASING = YES;
				CLANG_WARN_BOOL_CONVERSION = YES;
				CLANG_WARN_COMMA = YES;
				CLANG_WARN_CONSTANT_CONVERSION = YES;
				CLANG_WARN_DEPRECATED_OBJC_IMPLEMENTATIONS = YES;
				CLANG_WARN_DIRECT_OBJC_ISA_USAGE = YES_ERROR;
				CLANG_WARN_DOCUMENTATION_COMMENTS = YES;
				CLANG_WARN_EMPTY_BODY = YES;
				CLANG_WARN_ENUM_CONVERSION = YES;
				CLANG_WARN_INFINITE_RECURSION = YES;
				CLANG_WARN_INT_CONVERSION = YES;
				CLANG_WARN_NON_LITERAL_NULL_CONVERSION = YES;
				CLANG_WARN_OBJC_IMPLICIT_RETAIN_SELF = YES;
				CLANG_WARN_OBJC_LITERAL_CONVERSION = YES;
				CLANG_WARN_OBJC_ROOT_CLASS = YES_ERROR;
				CLANG_WARN_QUOTED_INCLUDE_IN_FRAMEWORK_HEADER = YES;
				CLANG_WARN_RANGE_LOOP_ANALYSIS = YES;
				CLANG_WARN_STRICT_PROTOTYPES = YES;
				CLANG_WARN_SUSPICIOUS_MOVE = YES;
				CLANG_WARN_UNGUARDED_AVAILABILITY = YES_AGGRESSIVE;
				CLANG_WARN_UNREACHABLE_CODE = YES;
				CLANG_WARN__DUPLICATE_METHOD_MATCH = YES;
				COPY_PHASE_STRIP = NO;
				DEBUG_INFORMATION_FORMAT = dwarf;
				DEVELOPMENT_TEAM = 3F45D8TQ28;
				ENABLE_STRICT_OBJC_MSGSEND = YES;
				ENABLE_TESTABILITY = YES;
				ENABLE_USER_SCRIPT_SANDBOXING = YES;
				GCC_C_LANGUAGE_STANDARD = gnu17;
				GCC_DYNAMIC_NO_PIC = NO;
				GCC_NO_COMMON_BLOCKS = YES;
				GCC_OPTIMIZATION_LEVEL = 0;
				GCC_PREPROCESSOR_DEFINITIONS = (
					"DEBUG=1",
					"$(inherited)",
				);
				GCC_WARN_64_TO_32_BIT_CONVERSION = YES;
				GCC_WARN_ABOUT_RETURN_TYPE = YES_ERROR;
				GCC_WARN_UNDECLARED_SELECTOR = YES;
				GCC_WARN_UNINITIALIZED_AUTOS = YES_AGGRESSIVE;
				GCC_WARN_UNUSED_FUNCTION = YES;
				GCC_WARN_UNUSED_VARIABLE = YES;
				LOCALIZATION_PREFERS_STRING_CATALOGS = YES;
				MTL_ENABLE_DEBUG_INFO = INCLUDE_SOURCE;
				MTL_FAST_MATH = YES;
				ONLY_ACTIVE_ARCH = YES;
				SWIFT_ACTIVE_COMPILATION_CONDITIONS = "DEBUG $(inherited)";
				SWIFT_OPTIMIZATION_LEVEL = "-Onone";
			};
			name = Debug;
		};
		1AA9EB532F8050F000C03565 /* Release */ = {
			isa = XCBuildConfiguration;
			buildSettings = {
				ALWAYS_SEARCH_USER_PATHS = NO;
				ASSETCATALOG_COMPILER_GENERATE_SWIFT_ASSET_SYMBOL_EXTENSIONS = YES;
				CLANG_ANALYZER_NONNULL = YES;
				CLANG_ANALYZER_NUMBER_OBJECT_CONVERSION = YES_AGGRESSIVE;
				CLANG_CXX_LANGUAGE_STANDARD = "gnu++20";
				CLANG_ENABLE_MODULES = YES;
				CLANG_ENABLE_OBJC_ARC = YES;
				CLANG_ENABLE_OBJC_WEAK = YES;
				CLANG_WARN_BLOCK_CAPTURE_AUTORELEASING = YES;
				CLANG_WARN_BOOL_CONVERSION = YES;
				CLANG_WARN_COMMA = YES;
				CLANG_WARN_CONSTANT_CONVERSION = YES;
				CLANG_WARN_DEPRECATED_OBJC_IMPLEMENTATIONS = YES;
				CLANG_WARN_DIRECT_OBJC_ISA_USAGE = YES_ERROR;
				CLANG_WARN_DOCUMENTATION_COMMENTS = YES;
				CLANG_WARN_EMPTY_BODY = YES;
				CLANG_WARN_ENUM_CONVERSION = YES;
				CLANG_WARN_INFINITE_RECURSION = YES;
				CLANG_WARN_INT_CONVERSION = YES;
				CLANG_WARN_NON_LITERAL_NULL_CONVERSION = YES;
				CLANG_WARN_OBJC_IMPLICIT_RETAIN_SELF = YES;
				CLANG_WARN_OBJC_LITERAL_CONVERSION = YES;
				CLANG_WARN_OBJC_ROOT_CLASS = YES_ERROR;
				CLANG_WARN_QUOTED_INCLUDE_IN_FRAMEWORK_HEADER = YES;
				CLANG_WARN_RANGE_LOOP_ANALYSIS = YES;
				CLANG_WARN_STRICT_PROTOTYPES = YES;
				CLANG_WARN_SUSPICIOUS_MOVE = YES;
				CLANG_WARN_UNGUARDED_AVAILABILITY = YES_AGGRESSIVE;
				CLANG_WARN_UNREACHABLE_CODE = YES;
				CLANG_WARN__DUPLICATE_METHOD_MATCH = YES;
				COPY_PHASE_STRIP = NO;
				DEBUG_INFORMATION_FORMAT = "dwarf-with-dsym";
				DEVELOPMENT_TEAM = 3F45D8TQ28;
				ENABLE_NS_ASSERTIONS = NO;
				ENABLE_STRICT_OBJC_MSGSEND = YES;
				ENABLE_USER_SCRIPT_SANDBOXING = YES;
				GCC_C_LANGUAGE_STANDARD = gnu17;
				GCC_NO_COMMON_BLOCKS = YES;
				GCC_WARN_64_TO_32_BIT_CONVERSION = YES;
				GCC_WARN_ABOUT_RETURN_TYPE = YES_ERROR;
				GCC_WARN_UNDECLARED_SELECTOR = YES;
				GCC_WARN_UNINITIALIZED_AUTOS = YES_AGGRESSIVE;
				GCC_WARN_UNUSED_FUNCTION = YES;
				GCC_WARN_UNUSED_VARIABLE = YES;
				LOCALIZATION_PREFERS_STRING_CATALOGS = YES;
				MTL_ENABLE_DEBUG_INFO = NO;
				MTL_FAST_MATH = YES;
				SWIFT_COMPILATION_MODE = wholemodule;
			};
			name = Release;
		};
		1AA9EB552F8050F000C03565 /* Debug */ = {
			isa = XCBuildConfiguration;
			buildSettings = {
				ASSETCATALOG_COMPILER_APPICON_NAME = AppIcon;
				ASSETCATALOG_COMPILER_GLOBAL_ACCENT_COLOR_NAME = AccentColor;
				CODE_SIGN_IDENTITY = "Apple Development";
				CODE_SIGN_STYLE = Automatic;
				CURRENT_PROJECT_VERSION = 1;
				DEVELOPMENT_TEAM = 3F45D8TQ28;
				ENABLE_APP_SANDBOX = YES;
				ENABLE_HARDENED_RUNTIME = YES;
				ENABLE_INCOMING_NETWORK_CONNECTIONS = NO;
				ENABLE_OUTGOING_NETWORK_CONNECTIONS = YES;
				ENABLE_PREVIEWS = YES;
				ENABLE_RESOURCE_ACCESS_AUDIO_INPUT = NO;
				ENABLE_RESOURCE_ACCESS_BLUETOOTH = NO;
				ENABLE_RESOURCE_ACCESS_CALENDARS = NO;
				ENABLE_RESOURCE_ACCESS_CAMERA = NO;
				ENABLE_RESOURCE_ACCESS_CONTACTS = NO;
				ENABLE_RESOURCE_ACCESS_LOCATION = NO;
				ENABLE_RESOURCE_ACCESS_PRINTING = NO;
				ENABLE_RESOURCE_ACCESS_USB = NO;
				ENABLE_USER_SELECTED_FILES = readonly;
				GENERATE_INFOPLIST_FILE = YES;
				INFOPLIST_KEY_CFBundleDisplayName = JeffJS;
				INFOPLIST_KEY_LSApplicationCategoryType = "public.app-category.utilities";
				"INFOPLIST_KEY_UIApplicationSceneManifest_Generation[sdk=iphoneos*]" = YES;
				"INFOPLIST_KEY_UIApplicationSceneManifest_Generation[sdk=iphonesimulator*]" = YES;
				"INFOPLIST_KEY_UIApplicationSupportsIndirectInputEvents[sdk=iphoneos*]" = YES;
				"INFOPLIST_KEY_UIApplicationSupportsIndirectInputEvents[sdk=iphonesimulator*]" = YES;
				"INFOPLIST_KEY_UILaunchScreen_Generation[sdk=iphoneos*]" = YES;
				"INFOPLIST_KEY_UILaunchScreen_Generation[sdk=iphonesimulator*]" = YES;
				"INFOPLIST_KEY_UIStatusBarStyle[sdk=iphoneos*]" = UIStatusBarStyleDefault;
				"INFOPLIST_KEY_UIStatusBarStyle[sdk=iphonesimulator*]" = UIStatusBarStyleDefault;
				INFOPLIST_KEY_UISupportedInterfaceOrientations_iPad = "UIInterfaceOrientationPortrait UIInterfaceOrientationPortraitUpsideDown UIInterfaceOrientationLandscapeLeft UIInterfaceOrientationLandscapeRight";
				INFOPLIST_KEY_UISupportedInterfaceOrientations_iPhone = "UIInterfaceOrientationPortrait UIInterfaceOrientationLandscapeLeft UIInterfaceOrientationLandscapeRight";
				IPHONEOS_DEPLOYMENT_TARGET = 26.2;
				LD_RUNPATH_SEARCH_PATHS = "@executable_path/Frameworks";
				"LD_RUNPATH_SEARCH_PATHS[sdk=macosx*]" = "@executable_path/../Frameworks";
				MACOSX_DEPLOYMENT_TARGET = 26.2;
				MARKETING_VERSION = 1.0;
				PRODUCT_BUNDLE_IDENTIFIER = ai.hudson.JeffJSConsole;
				PRODUCT_NAME = "$(TARGET_NAME)";
				PROVISIONING_PROFILE_SPECIFIER = "";
				REGISTER_APP_GROUPS = YES;
				SDKROOT = auto;
				STRING_CATALOG_GENERATE_SYMBOLS = YES;
				SUPPORTED_PLATFORMS = "iphoneos iphonesimulator macosx xros xrsimulator";
				SWIFT_APPROACHABLE_CONCURRENCY = YES;
				SWIFT_DEFAULT_ACTOR_ISOLATION = MainActor;
				SWIFT_EMIT_LOC_STRINGS = YES;
				SWIFT_UPCOMING_FEATURE_MEMBER_IMPORT_VISIBILITY = YES;
				SWIFT_VERSION = 5.0;
				TARGETED_DEVICE_FAMILY = "1,2,7";
				XROS_DEPLOYMENT_TARGET = 26.2;
			};
			name = Debug;
		};
		1AA9EB562F8050F000C03565 /* Release */ = {
			isa = XCBuildConfiguration;
			buildSettings = {
				ASSETCATALOG_COMPILER_APPICON_NAME = AppIcon;
				ASSETCATALOG_COMPILER_GLOBAL_ACCENT_COLOR_NAME = AccentColor;
				CODE_SIGN_IDENTITY = "Apple Development";
				CODE_SIGN_STYLE = Automatic;
				CURRENT_PROJECT_VERSION = 1;
				DEVELOPMENT_TEAM = 3F45D8TQ28;
				ENABLE_APP_SANDBOX = YES;
				ENABLE_HARDENED_RUNTIME = YES;
				ENABLE_INCOMING_NETWORK_CONNECTIONS = NO;
				ENABLE_OUTGOING_NETWORK_CONNECTIONS = YES;
				ENABLE_PREVIEWS = YES;
				ENABLE_RESOURCE_ACCESS_AUDIO_INPUT = NO;
				ENABLE_RESOURCE_ACCESS_BLUETOOTH = NO;
				ENABLE_RESOURCE_ACCESS_CALENDARS = NO;
				ENABLE_RESOURCE_ACCESS_CAMERA = NO;
				ENABLE_RESOURCE_ACCESS_CONTACTS = NO;
				ENABLE_RESOURCE_ACCESS_LOCATION = NO;
				ENABLE_RESOURCE_ACCESS_PRINTING = NO;
				ENABLE_RESOURCE_ACCESS_USB = NO;
				ENABLE_USER_SELECTED_FILES = readonly;
				GENERATE_INFOPLIST_FILE = YES;
				INFOPLIST_KEY_CFBundleDisplayName = JeffJS;
				INFOPLIST_KEY_LSApplicationCategoryType = "public.app-category.utilities";
				"INFOPLIST_KEY_UIApplicationSceneManifest_Generation[sdk=iphoneos*]" = YES;
				"INFOPLIST_KEY_UIApplicationSceneManifest_Generation[sdk=iphonesimulator*]" = YES;
				"INFOPLIST_KEY_UIApplicationSupportsIndirectInputEvents[sdk=iphoneos*]" = YES;
				"INFOPLIST_KEY_UIApplicationSupportsIndirectInputEvents[sdk=iphonesimulator*]" = YES;
				"INFOPLIST_KEY_UILaunchScreen_Generation[sdk=iphoneos*]" = YES;
				"INFOPLIST_KEY_UILaunchScreen_Generation[sdk=iphonesimulator*]" = YES;
				"INFOPLIST_KEY_UIStatusBarStyle[sdk=iphoneos*]" = UIStatusBarStyleDefault;
				"INFOPLIST_KEY_UIStatusBarStyle[sdk=iphonesimulator*]" = UIStatusBarStyleDefault;
				INFOPLIST_KEY_UISupportedInterfaceOrientations_iPad = "UIInterfaceOrientationPortrait UIInterfaceOrientationPortraitUpsideDown UIInterfaceOrientationLandscapeLeft UIInterfaceOrientationLandscapeRight";
				INFOPLIST_KEY_UISupportedInterfaceOrientations_iPhone = "UIInterfaceOrientationPortrait UIInterfaceOrientationLandscapeLeft UIInterfaceOrientationLandscapeRight";
				IPHONEOS_DEPLOYMENT_TARGET = 26.2;
				LD_RUNPATH_SEARCH_PATHS = "@executable_path/Frameworks";
				"LD_RUNPATH_SEARCH_PATHS[sdk=macosx*]" = "@executable_path/../Frameworks";
				MACOSX_DEPLOYMENT_TARGET = 26.2;
				MARKETING_VERSION = 1.0;
				PRODUCT_BUNDLE_IDENTIFIER = ai.hudson.JeffJSConsole;
				PRODUCT_NAME = "$(TARGET_NAME)";
				PROVISIONING_PROFILE_SPECIFIER = "";
				REGISTER_APP_GROUPS = YES;
				SDKROOT = auto;
				STRING_CATALOG_GENERATE_SYMBOLS = YES;
				SUPPORTED_PLATFORMS = "iphoneos iphonesimulator macosx xros xrsimulator";
				SWIFT_APPROACHABLE_CONCURRENCY = YES;
				SWIFT_DEFAULT_ACTOR_ISOLATION = MainActor;
				SWIFT_EMIT_LOC_STRINGS = YES;
				SWIFT_UPCOMING_FEATURE_MEMBER_IMPORT_VISIBILITY = YES;
				SWIFT_VERSION = 5.0;
				TARGETED_DEVICE_FAMILY = "1,2,7";
				XROS_DEPLOYMENT_TARGET = 26.2;
			};
			name = Release;
		};
		1AA9EB772F8056EC00C03565 /* Debug */ = {
			isa = XCBuildConfiguration;
			buildSettings = {
				ASSETCATALOG_COMPILER_APPICON_NAME = AppIcon;
				ASSETCATALOG_COMPILER_GLOBAL_ACCENT_COLOR_NAME = AccentColor;
				CODE_SIGN_ENTITLEMENTS = "JeffJS Watch App/JeffJS Watch App.entitlements";
				CODE_SIGN_STYLE = Automatic;
				CURRENT_PROJECT_VERSION = 1;
				DEVELOPMENT_TEAM = 3F45D8TQ28;
				ENABLE_PREVIEWS = YES;
				GENERATE_INFOPLIST_FILE = YES;
				INFOPLIST_KEY_CFBundleDisplayName = JeffJS;
				INFOPLIST_KEY_UISupportedInterfaceOrientations = "UIInterfaceOrientationPortrait UIInterfaceOrientationPortraitUpsideDown";
				INFOPLIST_KEY_WKWatchOnly = YES;
				LD_RUNPATH_SEARCH_PATHS = (
					"$(inherited)",
					"@executable_path/Frameworks",
				);
				MARKETING_VERSION = 1.0;
				PRODUCT_BUNDLE_IDENTIFIER = ai.hudson.JeffJS.watchkitapp;
				PRODUCT_NAME = "$(TARGET_NAME)";
				SDKROOT = watchos;
				SKIP_INSTALL = YES;
				STRING_CATALOG_GENERATE_SYMBOLS = YES;
				SWIFT_APPROACHABLE_CONCURRENCY = YES;
				SWIFT_DEFAULT_ACTOR_ISOLATION = MainActor;
				SWIFT_EMIT_LOC_STRINGS = YES;
				SWIFT_UPCOMING_FEATURE_MEMBER_IMPORT_VISIBILITY = YES;
				SWIFT_VERSION = 5.0;
				TARGETED_DEVICE_FAMILY = 4;
				WATCHOS_DEPLOYMENT_TARGET = 26.2;
			};
			name = Debug;
		};
		1AA9EB782F8056EC00C03565 /* Release */ = {
			isa = XCBuildConfiguration;
			buildSettings = {
				ASSETCATALOG_COMPILER_APPICON_NAME = AppIcon;
				ASSETCATALOG_COMPILER_GLOBAL_ACCENT_COLOR_NAME = AccentColor;
				CODE_SIGN_ENTITLEMENTS = "JeffJS Watch App/JeffJS Watch App.entitlements";
				CODE_SIGN_STYLE = Automatic;
				CURRENT_PROJECT_VERSION = 1;
				DEVELOPMENT_TEAM = 3F45D8TQ28;
				ENABLE_PREVIEWS = YES;
				GENERATE_INFOPLIST_FILE = YES;
				INFOPLIST_KEY_CFBundleDisplayName = JeffJS;
				INFOPLIST_KEY_UISupportedInterfaceOrientations = "UIInterfaceOrientationPortrait UIInterfaceOrientationPortraitUpsideDown";
				INFOPLIST_KEY_WKWatchOnly = YES;
				LD_RUNPATH_SEARCH_PATHS = (
					"$(inherited)",
					"@executable_path/Frameworks",
				);
				MARKETING_VERSION = 1.0;
				PRODUCT_BUNDLE_IDENTIFIER = ai.hudson.JeffJS.watchkitapp;
				PRODUCT_NAME = "$(TARGET_NAME)";
				SDKROOT = watchos;
				SKIP_INSTALL = YES;
				STRING_CATALOG_GENERATE_SYMBOLS = YES;
				SWIFT_APPROACHABLE_CONCURRENCY = YES;
				SWIFT_DEFAULT_ACTOR_ISOLATION = MainActor;
				SWIFT_EMIT_LOC_STRINGS = YES;
				SWIFT_UPCOMING_FEATURE_MEMBER_IMPORT_VISIBILITY = YES;
				SWIFT_VERSION = 5.0;
				TARGETED_DEVICE_FAMILY = 4;
				VALIDATE_PRODUCT = YES;
				WATCHOS_DEPLOYMENT_TARGET = 26.2;
			};
			name = Release;
		};
		1AA9EB7B2F8056EC00C03565 /* Debug */ = {
			isa = XCBuildConfiguration;
			buildSettings = {
				CODE_SIGN_STYLE = Automatic;
				CURRENT_PROJECT_VERSION = 1;
				DEVELOPMENT_TEAM = 3F45D8TQ28;
				INFOPLIST_KEY_CFBundleDisplayName = JeffJS;
				MARKETING_VERSION = 1.0;
				PRODUCT_BUNDLE_IDENTIFIER = ai.hudson.JeffJS;
				PRODUCT_NAME = "$(TARGET_NAME)";
				SDKROOT = iphoneos;
				SWIFT_APPROACHABLE_CONCURRENCY = YES;
				SWIFT_UPCOMING_FEATURE_MEMBER_IMPORT_VISIBILITY = YES;
				SWIFT_VERSION = 5.0;
			};
			name = Debug;
		};
		1AA9EB7C2F8056EC00C03565 /* Release */ = {
			isa = XCBuildConfiguration;
			buildSettings = {
				CODE_SIGN_STYLE = Automatic;
				CURRENT_PROJECT_VERSION = 1;
				DEVELOPMENT_TEAM = 3F45D8TQ28;
				INFOPLIST_KEY_CFBundleDisplayName = JeffJS;
				MARKETING_VERSION = 1.0;
				PRODUCT_BUNDLE_IDENTIFIER = ai.hudson.JeffJS;
				PRODUCT_NAME = "$(TARGET_NAME)";
				SDKROOT = iphoneos;
				SWIFT_APPROACHABLE_CONCURRENCY = YES;
				SWIFT_UPCOMING_FEATURE_MEMBER_IMPORT_VISIBILITY = YES;
				SWIFT_VERSION = 5.0;
				VALIDATE_PRODUCT = YES;
			};
			name = Release;
		};
		1AB764FA2F832A0D0037D8E2 /* Debug */ = {
			isa = XCBuildConfiguration;
			buildSettings = {
				ASSETCATALOG_COMPILER_GLOBAL_ACCENT_COLOR_NAME = AccentColor;
				ASSETCATALOG_COMPILER_WIDGET_BACKGROUND_COLOR_NAME = WidgetBackground;
				CODE_SIGN_ENTITLEMENTS = "JeffJS Watch WidgetExtension.entitlements";
				CODE_SIGN_STYLE = Automatic;
				CURRENT_PROJECT_VERSION = 1;
				DEVELOPMENT_TEAM = 3F45D8TQ28;
				GENERATE_INFOPLIST_FILE = YES;
				INFOPLIST_FILE = "JeffJS Watch Widget/Info.plist";
				INFOPLIST_KEY_CFBundleDisplayName = "JeffJS Watch Widget";
				INFOPLIST_KEY_NSHumanReadableCopyright = "";
				LD_RUNPATH_SEARCH_PATHS = (
					"$(inherited)",
					"@executable_path/Frameworks",
					"@executable_path/../../Frameworks",
					"@executable_path/../../../../Frameworks",
				);
				MARKETING_VERSION = 1.0;
				PRODUCT_BUNDLE_IDENTIFIER = "ai.hudson.JeffJS.watchkitapp.JeffJS-Watch-Widget";
				PRODUCT_NAME = "$(TARGET_NAME)";
				SDKROOT = watchos;
				SKIP_INSTALL = YES;
				STRING_CATALOG_GENERATE_SYMBOLS = YES;
				SWIFT_APPROACHABLE_CONCURRENCY = YES;
				SWIFT_EMIT_LOC_STRINGS = YES;
				SWIFT_UPCOMING_FEATURE_MEMBER_IMPORT_VISIBILITY = YES;
				SWIFT_VERSION = 5.0;
				TARGETED_DEVICE_FAMILY = 4;
				WATCHOS_DEPLOYMENT_TARGET = 26.2;
			};
			name = Debug;
		};
		1AB764FB2F832A0D0037D8E2 /* Release */ = {
			isa = XCBuildConfiguration;
			buildSettings = {
				ASSETCATALOG_COMPILER_GLOBAL_ACCENT_COLOR_NAME = AccentColor;
				ASSETCATALOG_COMPILER_WIDGET_BACKGROUND_COLOR_NAME = WidgetBackground;
				CODE_SIGN_ENTITLEMENTS = "JeffJS Watch WidgetExtension.entitlements";
				CODE_SIGN_STYLE = Automatic;
				CURRENT_PROJECT_VERSION = 1;
				DEVELOPMENT_TEAM = 3F45D8TQ28;
				GENERATE_INFOPLIST_FILE = YES;
				INFOPLIST_FILE = "JeffJS Watch Widget/Info.plist";
				INFOPLIST_KEY_CFBundleDisplayName = "JeffJS Watch Widget";
				INFOPLIST_KEY_NSHumanReadableCopyright = "";
				LD_RUNPATH_SEARCH_PATHS = (
					"$(inherited)",
					"@executable_path/Frameworks",
					"@executable_path/../../Frameworks",
					"@executable_path/../../../../Frameworks",
				);
				MARKETING_VERSION = 1.0;
				PRODUCT_BUNDLE_IDENTIFIER = "ai.hudson.JeffJS.watchkitapp.JeffJS-Watch-Widget";
				PRODUCT_NAME = "$(TARGET_NAME)";
				SDKROOT = watchos;
				SKIP_INSTALL = YES;
				STRING_CATALOG_GENERATE_SYMBOLS = YES;
				SWIFT_APPROACHABLE_CONCURRENCY = YES;
				SWIFT_EMIT_LOC_STRINGS = YES;
				SWIFT_UPCOMING_FEATURE_MEMBER_IMPORT_VISIBILITY = YES;
				SWIFT_VERSION = 5.0;
				TARGETED_DEVICE_FAMILY = 4;
				VALIDATE_PRODUCT = YES;
				WATCHOS_DEPLOYMENT_TARGET = 26.2;
			};
			name = Release;
		};
/* End XCBuildConfiguration section */

/* Begin XCConfigurationList section */
		1AA9EB442F8050EE00C03565 /* Build configuration list for PBXProject "JeffJSConsole" */ = {
			isa = XCConfigurationList;
			buildConfigurations = (
				1AA9EB522F8050F000C03565 /* Debug */,
				1AA9EB532F8050F000C03565 /* Release */,
			);
			defaultConfigurationIsVisible = 0;
			defaultConfigurationName = Release;
		};
		1AA9EB542F8050F000C03565 /* Build configuration list for PBXNativeTarget "JeffJSConsole" */ = {
			isa = XCConfigurationList;
			buildConfigurations = (
				1AA9EB552F8050F000C03565 /* Debug */,
				1AA9EB562F8050F000C03565 /* Release */,
			);
			defaultConfigurationIsVisible = 0;
			defaultConfigurationName = Release;
		};
		1AA9EB762F8056EC00C03565 /* Build configuration list for PBXNativeTarget "JeffJS Watch App" */ = {
			isa = XCConfigurationList;
			buildConfigurations = (
				1AA9EB772F8056EC00C03565 /* Debug */,
				1AA9EB782F8056EC00C03565 /* Release */,
			);
			defaultConfigurationIsVisible = 0;
			defaultConfigurationName = Release;
		};
		1AA9EB7A2F8056EC00C03565 /* Build configuration list for PBXNativeTarget "JeffJS" */ = {
			isa = XCConfigurationList;
			buildConfigurations = (
				1AA9EB7B2F8056EC00C03565 /* Debug */,
				1AA9EB7C2F8056EC00C03565 /* Release */,
			);
			defaultConfigurationIsVisible = 0;
			defaultConfigurationName = Release;
		};
		1AB764F92F832A0D0037D8E2 /* Build configuration list for PBXNativeTarget "JeffJS Watch WidgetExtension" */ = {
			isa = XCConfigurationList;
			buildConfigurations = (
				1AB764FA2F832A0D0037D8E2 /* Debug */,
				1AB764FB2F832A0D0037D8E2 /* Release */,
			);
			defaultConfigurationIsVisible = 0;
			defaultConfigurationName = Release;
		};
/* End XCConfigurationList section */

/* Begin XCLocalSwiftPackageReference section */
		1AA9EB612F80518000C03565 /* XCLocalSwiftPackageReference "../../JeffJS" */ = {
			isa = XCLocalSwiftPackageReference;
			relativePath = ../../JeffJS;
		};
/* End XCLocalSwiftPackageReference section */

/* Begin XCSwiftPackageProductDependency section */
		1AA9EB622F80518000C03565 /* JeffJS */ = {
			isa = XCSwiftPackageProductDependency;
			productName = JeffJS;
		};
		1AA9EB7E2F80579500C03565 /* JeffJS */ = {
			isa = XCSwiftPackageProductDependency;
			package = 1AA9EB612F80518000C03565 /* XCLocalSwiftPackageReference "../../JeffJS" */;
			productName = JeffJS;
		};
		1AB7650D2F832C2E0037D8E2 /* JeffJS */ = {
			isa = XCSwiftPackageProductDependency;
			package = 1AA9EB612F80518000C03565 /* XCLocalSwiftPackageReference "../../JeffJS" */;
			productName = JeffJS;
		};
/* End XCSwiftPackageProductDependency section */
	};
	rootObject = 1AA9EB412F8050EE00C03565 /* Project object */;
}
